
Microsoft Visual Studio Solution File, Format Version 12.00
# Visual Studio Version 16
VisualStudioVersion = 16.0.30717.126
MinimumVisualStudioVersion = 10.0.40219.1
Project("{9A19103F-16F7-4668-BE54-9A1E7A4F7556}") = "Blogger", "Blogger.csproj", "{BCE3B884-3BD3-447E-AA20-807F23A017D1}"
EndProject
Project("{9A19103F-16F7-4668-BE54-9A1E7A4F7556}") = "Blogger.Tests", "..\Blogger.Tests\Blogger.Tests.csproj", "{F8712F55-F1A5-458B-84AA-D9746945948A}"
EndProject
Global
	GlobalSection(SolutionConfigurationPlatforms) = preSolution
		Debug|Any CPU = Debug|Any CPU
		Release|Any CPU = Release|Any CPU
	EndGlobalSection
	GlobalSection(ProjectConfigurationPlatforms) = postSolution
		{BCE3B884-3BD3-447E-AA20-807F23A017D1}.Debug|Any CPU.ActiveCfg = Debug|Any CPU
		{BCE3B884-3BD3-447E-AA20-807F23A017D1}.Debug|Any CPU.Build.0 = Debug|Any CPU
		{BCE3B884-3BD3-447E-AA20-807F23A017D1}.Release|Any CPU.ActiveCfg = Release|Any CPU
		{BCE3B884-3BD3-447E-AA20-807F23A017D1}.Release|Any CPU.Build.0 = Release|Any CPU
		{F8712F55-F1A5-458B-84AA-D9746945948A}.Debug|Any CPU.ActiveCfg = Debug|Any CPU
		{F8712F55-F1A5-458B-84AA-D9746945948A}.Debug|Any CPU.Build.0 = Debug|Any CPU
		{F8712F55-F1A5-458B-84AA-D9746945948A}.Release|Any CPU.ActiveCfg = Release|Any CPU
		{F8712F55-F1A5-458B-84AA-D9746945948A}.Release|Any CPU.Build.0 = Release|Any CPU
	EndGlobalSection
	GlobalSection(SolutionProperties) = preSolution
		HideSolutionNode = FALSE
	EndGlobalSection
	GlobalSection(ExtensibilityGlobals) = postSolution
		SolutionGuid = {64A3B239-25CB-4C76-A2C0-27FB19CA4980}
	EndGlobalSection
EndGlobal
